{
    "_meta": {
        "hash": {
            "sha256": "cce2c8a1a9cebef8a616c67caebb9fae7793757038382944ef85a76fef218233"
        },
        "pipfile-spec": 6,
        "requires": {
            "python_version": "3.12"
        },
        "sources": [
            {
                "name": "pypi",
                "url": "https://pypi.org/simple",
                "verify_ssl": true
            }
        ]
    },
    "default": {
        "asgiref": {
            "hashes": [
                "sha256:13acff32519542a1736223fb79a715acdebe24286d98e8b164a73085f40da2c4",
                "sha256:1db9021efadb0d9512ce8ffaf72fcef601c7b73a8807a1bb2ef143dc6b14846d"
            ],
            "markers": "python_version >= '3.9'",
            "version": "==3.11.0"
        },
        "attrs": {
            "hashes": [
                "sha256:16d5969b87f0859ef33a48b35d55ac1be6e42ae49d5e853b597db70c35c57e11",
                "sha256:adcf7e2a1fb3b36ac48d97835bb6d8ade15b8dcce26aba8bf1d14847b57a3373"
            ],
            "markers": "python_version >= '3.9'",
            "version": "==25.4.0"
        },
        "dj-rest-auth": {
            "hashes": [
                "sha256:3f8c744cbcf05355ff4bcbef0c8a63645da38e29a0fdef3c3332d4aced52fb90"
            ],
            "index": "pypi",
            "markers": "python_version >= '3.8'",
            "version": "==7.0.1"
        },
        "django": {
            "hashes": [
                "sha256:23254866a5bb9a2cfa6004e8b809ec6246eba4b58a7589bc2772f1bcc8456c7f",
                "sha256:37e687f7bd73ddf043e2b6b97cfe02fcbb11f2dbb3adccc6a2b18c6daa054d7f"
            ],
            "index": "pypi",
            "markers": "python_version >= '3.10'",
            "version": "==5.2.8"
        },
        "djangorestframework": {
            "hashes": [
                "sha256:166809528b1aced0a17dc66c24492af18049f2c9420dbd0be29422029cfc3ff7",
                "sha256:33a59f47fb9c85ede792cbf88bde71893bcda0667bc573f784649521f1102cec"
            ],
            "index": "pypi",
            "markers": "python_version >= '3.9'",
            "version": "==3.16.1"
        },
        "drf-spectacular": {
            "hashes": [
                "sha256:0a069339ea390ce7f14a75e8b5af4a0860a46e833fd4af027411a3e94fc1a0cc",
                "sha256:d1ee7c9535d89848affb4427347f7c4a22c5d22530b8842ef133d7b72e19b41a"
            ],
            "index": "pypi",
            "markers": "python_version >= '3.7'",
            "version": "==0.29.0"
        },
        "et-xmlfile": {
            "hashes": [
                "sha256:7a91720bc756843502c3b7504c77b8fe44217c85c537d85037f0f536151b2caa",
                "sha256:dab3f4764309081ce75662649be815c4c9081e88f0837825f90fd28317d4da54"
            ],
            "markers": "python_version >= '3.8'",
            "version": "==2.0.0"
        },
        "greenlet": {
            "hashes": [
                "sha256:00fadb3fedccc447f517ee0d3fd8fe49eae949e1cd0f6a611818f4f6fb7dc83b",
                "sha256:015d48959d4add5d6c9f6c5210ee3803a830dce46356e3bc326d6776bde54681",
                "sha256:03c5136e7be905045160b1b9fdca93dd6727b180feeafda6818e6496434ed8c5",
                "sha256:061dc4cf2c34852b052a8620d40f36324554bc192be474b9e9770e8c042fd735",
                "sha256:0db5594dce18db94f7d1650d7489909b57afde4c580806b8d9203b6e79cdc079",
                "sha256:0dca0d95ff849f9a364385f36ab49f50065d76964944638be9691e1832e9f86d",
                "sha256:16458c245a38991aa19676900d48bd1a6f2ce3e16595051a4db9d012154e8433",
                "sha256:18d9260df2b5fbf41ae5139e1be4e796d99655f023a636cd0e11e6406cca7d58",
                "sha256:1987de92fec508535687fb807a5cea1560f6196285a4cde35c100b8cd632cc52",
                "sha256:1a921e542453fe531144e91e1feedf12e07351b1cf6c9e8a3325ea600a715a31",
                "sha256:1ee8fae0519a337f2329cb78bd7a8e128ec0f881073d43f023c7b8d4831d5246",
                "sha256:20fb936b4652b6e307b8f347665e2c615540d4b42b3b4c8a321d8286da7e520f",
                "sha256:23768528f2911bcd7e475210822ffb5254ed10d71f4028387e5a99b4c6699671",
                "sha256:2523e5246274f54fdadbce8494458a2ebdcdbc7b802318466ac5606d3cded1f8",
                "sha256:27890167f55d2387576d1f41d9487ef171849ea0359ce1510ca6e06c8bece11d",
                "sha256:28a3c6b7cd72a96f61b0e4b2a36f681025b60ae4779cc73c1535eb5f29560b10",
                "sha256:2917bdf657f5859fbf3386b12d68ede4cf1f04c90c3a6bc1f013dd68a22e2269",
                "sha256:299fd615cd8fc86267b47597123e3f43ad79c9d8a22bebdce535e53550763e2f",
                "sha256:326d234cbf337c9c3def0676412eb7040a35a768efc92504b947b3e9cfc7543d",
                "sha256:3b3812d8d0c9579967815af437d96623f45c0f2ae5f04e366de62a12d83a8fb0",
                "sha256:3b67ca49f54cede0186854a008109d6ee71f66bd57bb36abd6d0a0267b540cdd",
                "sha256:44358b9bf66c8576a9f57a590d5f5d6e72fa4228b763d0e43fee6d3b06d3a337",
                "sha256:49a30d5fda2507ae77be16479bdb62a660fa51b1eb4928b524975b3bde77b3c0",
                "sha256:4d1378601b85e2e5171b99be8d2dc85f594c79967599328f95c1dc1a40f1c633",
                "sha256:52206cd642670b0b320a1fd1cbfd95bca0e043179c1d8a045f2c6109dfe973be",
                "sha256:554b03b6e73aaabec3745364d6239e9e012d64c68ccd0b8430c64ccc14939a8b",
                "sha256:55e9c5affaa6775e2c6b67659f3a71684de4c549b3dd9afca3bc773533d284fa",
                "sha256:58b97143c9cc7b86fc458f215bd0932f1757ce649e05b640fea2e79b54cedb31",
                "sha256:5c9320971821a7cb77cfab8d956fa8e39cd07ca44b6070db358ceb7f8797c8c9",
                "sha256:65458b409c1ed459ea899e939f0e1cdb14f58dbc803f2f93c5eab5694d32671b",
                "sha256:671df96c1f23c4a0d4077a325483c1503c96a1b7d9db26592ae770daa41233d4",
                "sha256:6e343822feb58ac4d0a1211bd9399de2b3a04963ddeec21530fc426cc121f19b",
                "sha256:710638eb93b1fa52823aa91bf75326f9ecdfd5e0466f00789246a5280f4ba0fc",
                "sha256:73f49b5368b5359d04e18d15828eecc1806033db5233397748f4ca813ff1056c",
                "sha256:81701fd84f26330f0d5f4944d4e92e61afe6319dcd9775e39396e39d7c3e5f98",
                "sha256:8854167e06950ca75b898b104b63cc646573aa5fef1353d4508ecdd1ee76254f",
                "sha256:8c68325b0d0acf8d91dde4e6f930967dd52a5302cd4062932a6b2e7c2969f47c",
                "sha256:94385f101946790ae13da500603491f04a76b6e4c059dab271b3ce2e283b2590",
                "sha256:94abf90142c2a18151632371140b3dba4dee031633fe614cb592dbb6c9e17bc3",
                "sha256:96378df1de302bc38e99c3a9aa311967b7dc80ced1dcc6f171e99842987882a2",
                "sha256:9c40adce87eaa9ddb593ccb0fa6a07caf34015a29bf8d344811665b573138db9",
                "sha256:9fe0a28a7b952a21e2c062cd5756d34354117796c6d9215a87f55e38d15402c5",
                "sha256:a7d4e128405eea3814a12cc2605e0e6aedb4035bf32697f72deca74de4105e02",
                "sha256:abbf57b5a870d30c4675928c37278493044d7c14378350b3aa5d484fa65575f0",
                "sha256:af41be48a4f60429d5cad9d22175217805098a9ef7c40bfef44f7669fb9d74d8",
                "sha256:b4a1870c51720687af7fa3e7cda6d08d801dae660f75a76f3845b642b4da6ee1",
                "sha256:b6a7c19cf0d2742d0809a4c05975db036fdff50cd294a93632d6a310bf9ac02c",
                "sha256:b90654e092f928f110e0007f572007c9727b5265f7632c2fa7415b4689351594",
                "sha256:c17b6b34111ea72fc5a4e4beec9711d2226285f0386ea83477cbb97c30a3f3a5",
                "sha256:c2ca18a03a8cfb5b25bc1cbe20f3d9a4c80d8c3b13ba3df49ac3961af0b1018d",
                "sha256:c5111ccdc9c88f423426df3fd1811bfc40ed66264d35aa373420a34377efc98a",
                "sha256:c60a6d84229b271d44b70fb6e5fa23781abb5d742af7b808ae3f6efd7c9c60f6",
                "sha256:c8c9e331e58180d0d83c5b7999255721b725913ff6bc6cf39fa2a45841a4fd4b",
                "sha256:c9913f1a30e4526f432991f89ae263459b1c64d1608c0d22a5c79c287b3c70df",
                "sha256:c9c6de1940a7d828635fbd254d69db79e54619f165ee7ce32fda763a9cb6a58c",
                "sha256:ca7f6f1f2649b89ce02f6f229d7c19f680a6238af656f61e0115b24857917929",
                "sha256:cd3c8e693bff0fff6ba55f140bf390fa92c994083f838fece0f63be121334945",
                "sha256:d25c5091190f2dc0eaa3f950252122edbbadbb682aa7b1ef2f8af0f8c0afefae",
                "sha256:d2e685ade4dafd447ede19c31277a224a239a0a1a4eca4e6390efedf20260cfb",
                "sha256:d76383238584e9711e20ebe14db6c88ddcedc1829a9ad31a584389463b5aa504",
                "sha256:ddf9164e7a5b08e9d22511526865780a576f19ddd00d62f8a665949327fde8bb",
                "sha256:e37ab26028f12dbb0ff65f29a8d3d44a765c61e729647bf2ddfbbed621726f01",
                "sha256:ee7a6ec486883397d70eec05059353b8e83eca9168b9f3f9a361971e77e0bcd0",
                "sha256:f10fd42b5ee276335863712fa3da6608e93f70629c631bf77145021600abc23c",
                "sha256:f28588772bb5fb869a8eb331374ec06f24a83a9c25bfa1f38b6993afe9c1e968",
                "sha256:f47617f698838ba98f4ff4189aef02e7343952df3a615f847bb575c3feb177a7"
            ],
            "markers": "python_version >= '3.9'",
            "version": "==3.2.4"
        },
        "inflection": {
            "hashes": [
                "sha256:1a29730d366e996aaacffb2f1f1cb9593dc38e2ddd30c91250c6dde09ea9b417",
                "sha256:f38b2b640938a4f35ade69ac3d053042959b62a0f1076a5bbaa1b9526605a8a2"
            ],
            "markers": "python_version >= '3.5'",
            "version": "==0.5.1"
        },
        "jsonschema": {
            "hashes": [
                "sha256:3fba0169e345c7175110351d456342c364814cfcf3b964ba4587f22915230a63",
                "sha256:e4a9655ce0da0c0b67a085847e00a3a51449e1157f4f75e9fb5aa545e122eb85"
            ],
            "markers": "python_version >= '3.9'",
            "version": "==4.25.1"
        },
        "jsonschema-specifications": {
            "hashes": [
                "sha256:98802fee3a11ee76ecaca44429fda8a41bff98b00a0f2838151b113f210cc6fe",
                "sha256:b540987f239e745613c7a9176f3edb72b832a4ac465cf02712288397832b5e8d"
            ],
            "markers": "python_version >= '3.9'",
            "version": "==2025.9.1"
        },
        "numpy": {
            "hashes": [
                "sha256:00dc4e846108a382c5869e77c6ed514394bdeb3403461d25a829711041217d5b",
                "sha256:0472f11f6ec23a74a906a00b48a4dcf3849209696dff7c189714511268d103ae",
                "sha256:04822c00b5fd0323c8166d66c701dc31b7fbd252c100acd708c48f763968d6a3",
                "sha256:052e8c42e0c49d2575621c158934920524f6c5da05a1d3b9bab5d8e259e045f0",
                "sha256:09a1bea522b25109bf8e6f3027bd810f7c1085c64a0c7ce050c1676ad0ba010b",
                "sha256:0cd00b7b36e35398fa2d16af7b907b65304ef8bb4817a550e06e5012929830fa",
                "sha256:0d8163f43acde9a73c2a33605353a4f1bc4798745a8b1d73183b28e5b435ae28",
                "sha256:1062fde1dcf469571705945b0f221b73928f34a20c904ffb45db101907c3454e",
                "sha256:11e06aa0af8c0f05104d56450d6093ee639e15f24ecf62d417329d06e522e017",
                "sha256:17531366a2e3a9e30762c000f2c43a9aaa05728712e25c11ce1dbe700c53ad41",
                "sha256:1978155dd49972084bd6ef388d66ab70f0c323ddee6f693d539376498720fb7e",
                "sha256:1ed1ec893cff7040a02c8aa1c8611b94d395590d553f6b53629a4461dc7f7b63",
                "sha256:2dcd0808a421a482a080f89859a18beb0b3d1e905b81e617a188bd80422d62e9",
                "sha256:2e2eb32ddb9ccb817d620ac1d8dae7c3f641c1e5f55f531a33e8ab97960a75b8",
                "sha256:2feae0d2c91d46e59fcd62784a3a83b3fb677fead592ce51b5a6fbb4f95965ff",
                "sha256:3095bdb8dd297e5920b010e96134ed91d852d81d490e787beca7e35ae1d89cf7",
                "sha256:30bc11310e8153ca664b14c5f1b73e94bd0503681fcf136a163de856f3a50139",
                "sha256:3101e5177d114a593d79dd79658650fe28b5a0d8abeb8ce6f437c0e6df5be1a4",
                "sha256:396084a36abdb603546b119d96528c2f6263921c50df3c8fd7cb28873a237748",
                "sha256:3997b5b3c9a771e157f9aae01dd579ee35ad7109be18db0e85dbdbe1de06e952",
                "sha256:414802f3b97f3c1eef41e530aaba3b3c1620649871d8cb38c6eaff034c2e16bd",
                "sha256:51c1e14eb1e154ebd80e860722f9e6ed6ec89714ad2db2d3aa33c31d7c12179b",
                "sha256:51c55fe3451421f3a6ef9a9c1439e82101c57a2c9eab9feb196a62b1a10b58ce",
                "sha256:5ee6609ac3604fa7780e30a03e5e241a7956f8e2fcfe547d51e3afa5247ac47f",
                "sha256:612a95a17655e213502f60cfb9bf9408efdc9eb1d5f50535cc6eb365d11b42b5",
                "sha256:6203fdf9f3dc5bdaed7319ad8698e685c7a3be10819f41d32a0723e611733b42",
                "sha256:63c0e9e7eea69588479ebf4a8a270d5ac22763cc5854e9a7eae952a3908103f7",
                "sha256:66f85ce62c70b843bab1fb14a05d5737741e74e28c7b8b5a064de10142fad248",
                "sha256:6cf9b429b21df6b99f4dee7a1218b8b7ffbbe7df8764dc0bd60ce8a0708fed1e",
                "sha256:70b37199913c1bd300ff6e2693316c6f869c7ee16378faf10e4f5e3275b299c3",
                "sha256:727fd05b57df37dc0bcf1a27767a3d9a78cbbc92822445f32cc3436ba797337b",
                "sha256:74ae7b798248fe62021dbf3c914245ad45d1a6b0cb4a29ecb4b31d0bfbc4cc3e",
                "sha256:784db1dcdab56bf0517743e746dfb0f885fc68d948aba86eeec2cba234bdf1c0",
                "sha256:86945f2ee6d10cdfd67bcb4069c1662dd711f7e2a4343db5cecec06b87cf31aa",
                "sha256:86d835afea1eaa143012a2d7a3f45a3adce2d7adc8b4961f0b362214d800846a",
                "sha256:872a5cf366aec6bb1147336480fef14c9164b154aeb6542327de4970282cd2f5",
                "sha256:8b973c57ff8e184109db042c842423ff4f60446239bd585a5131cc47f06f789d",
                "sha256:8cba086a43d54ca804ce711b2a940b16e452807acebe7852ff327f1ecd49b0d4",
                "sha256:8f7f0e05112916223d3f438f293abf0727e1181b5983f413dfa2fefc4098245c",
                "sha256:900218e456384ea676e24ea6a0417f030a3b07306d29d7ad843957b40a9d8d52",
                "sha256:93eebbcf1aafdf7e2ddd44c2923e2672e1010bddc014138b229e49725b4d6be5",
                "sha256:9c75442b2209b8470d6d5d8b1c25714270686f14c749028d2199c54e29f20b4d",
                "sha256:9ee2197ef8c4f0dfe405d835f3b6a14f5fee7782b5de51ba06fb65fc9b36e9f1",
                "sha256:a414504bef8945eae5f2d7cb7be2d4af77c5d1cb5e20b296c2c25b61dff2900c",
                "sha256:a4b9159734b326535f4dd01d947f919c6eefd2d9827466a696c44ced82dfbc18",
                "sha256:a80afd79f45f3c4a7d341f13acbe058d1ca8ac017c165d3fa0d3de6bc1a079d7",
                "sha256:aa5bc7c5d59d831d9773d1170acac7893ce3a5e130540605770ade83280e7188",
                "sha256:acfd89508504a19ed06ef963ad544ec6664518c863436306153e13e94605c218",
                "sha256:aeffcab3d4b43712bb7a60b65f6044d444e75e563ff6180af8f98dd4b905dfd2",
                "sha256:afaffc4393205524af9dfa400fa250143a6c3bc646c08c9f5e25a9f4b4d6a903",
                "sha256:b0c7088a73aef3d687c4deef8452a3ac7c1be4e29ed8bf3b366c8111128ac60c",
                "sha256:b46b4ec24f7293f23adcd2d146960559aaf8020213de8ad1909dba6c013bf89c",
                "sha256:b501b5fa195cc9e24fe102f21ec0a44dffc231d2af79950b451e0d99cea02234",
                "sha256:bf06bc2af43fa8d32d30fae16ad965663e966b1a3202ed407b84c989c3221e82",
                "sha256:c804e3a5aba5460c73955c955bdbd5c08c354954e9270a2c1565f62e866bdc39",
                "sha256:c8a9958e88b65c3b27e22ca2a076311636850b612d6bbfb76e8d156aacde2aaf",
                "sha256:cc0a57f895b96ec78969c34f682c602bf8da1a0270b09bc65673df2e7638ec20",
                "sha256:cc8920d2ec5fa99875b670bb86ddeb21e295cb07aa331810d9e486e0b969d946",
                "sha256:ccc933afd4d20aad3c00bcef049cb40049f7f196e0397f1109dba6fed63267b0",
                "sha256:ce581db493ea1a96c0556360ede6607496e8bf9b3a8efa66e06477267bc831e9",
                "sha256:d0f23b44f57077c1ede8c5f26b30f706498b4862d3ff0a7298b8411dd2f043ff",
                "sha256:d21644de1b609825ede2f48be98dfde4656aefc713654eeee280e37cadc4e0ad",
                "sha256:d6889ec4ec662a1a37eb4b4fb26b6100841804dac55bd9df579e326cdc146227",
                "sha256:de5672f4a7b200c15a4127042170a694d4df43c992948f5e1af57f0174beed10",
                "sha256:e6a0bc88393d65807d751a614207b7129a310ca4fe76a74e5c7da5fa5671417e",
                "sha256:ed89927b86296067b4f81f108a2271d8926467a8868e554eaf370fc27fa3ccaf",
                "sha256:ee3888d9ff7c14604052b2ca5535a30216aa0a58e948cdd3eeb8d3415f638769",
                "sha256:f0963b55cdd70fad460fa4c1341f12f976bb26cb66021a5580329bd498988310",
                "sha256:f16417ec91f12f814b10bafe79ef77e70113a2f5f7018640e7425ff979253425",
                "sha256:f28620fe26bee16243be2b7b874da327312240a7cdc38b769a697578d2100013",
                "sha256:f4255143f5160d0de972d28c8f9665d882b5f61309d8362fdd3e103cf7bf010c",
                "sha256:ffac52f28a7849ad7576293c0cb7b9f08304e8f7d738a8cb8a90ec4c55a998eb",
                "sha256:ffe22d2b05504f786c867c8395de703937f934272eb67586817b46188b4ded6d",
                "sha256:fffe29a1ef00883599d1dc2c51aa2e5d80afe49523c261a74933df395c15c520"
            ],
            "markers": "python_version >= '3.11'",
            "version": "==2.3.5"
        },
        "openpyxl": {
            "hashes": [
                "sha256:5282c12b107bffeef825f4617dc029afaf41d0ea60823bbb665ef3079dc79de2",
                "sha256:cf0e3cf56142039133628b5acffe8ef0c12bc902d2aadd3e0fe5878dc08d1050"
            ],
            "index": "pypi",
            "markers": "python_version >= '3.8'",
            "version": "==3.1.5"
        },
        "pandas": {
            "hashes": [
                "sha256:0242fe9a49aa8b4d78a4fa03acb397a58833ef6199e9aa40a95f027bb3a1b6e7",
                "sha256:1611aedd912e1ff81ff41c745822980c49ce4a7907537be8692c8dbc31924593",
                "sha256:1b07204a219b3b7350abaae088f451860223a52cfb8a6c53358e7948735158e5",
                "sha256:1d37b5848ba49824e5c30bedb9c830ab9b7751fd049bc7914533e01c65f79791",
                "sha256:23ebd657a4d38268c7dfbdf089fbc31ea709d82e4923c5ffd4fbd5747133ce73",
                "sha256:2462b1a365b6109d275250baaae7b760fd25c726aaca0054649286bcfbb3e8ec",
                "sha256:28083c648d9a99a5dd035ec125d42439c6c1c525098c58af0fc38dd1a7a1b3d4",
                "sha256:2e3ebdb170b5ef78f19bfb71b0dc5dc58775032361fa188e814959b74d726dd5",
                "sha256:318d77e0e42a628c04dc56bcef4b40de67918f7041c2b061af1da41dcff670ac",
                "sha256:371a4ab48e950033bcf52b6527eccb564f52dc826c02afd9a1bc0ab731bba084",
                "sha256:376c6446ae31770764215a6c937f72d917f214b43560603cd60da6408f183b6c",
                "sha256:3869faf4bd07b3b66a9f462417d0ca3a9df29a9f6abd5d0d0dbab15dac7abe87",
                "sha256:3fd2f887589c7aa868e02632612ba39acb0b8948faf5cc58f0850e165bd46f35",
                "sha256:4793891684806ae50d1288c9bae9330293ab4e083ccd1c5e383c34549c6e4250",
                "sha256:4e0a175408804d566144e170d0476b15d78458795bb18f1304fb94160cabf40c",
                "sha256:503cf027cf9940d2ceaa1a93cfb5f8c8c7e6e90720a2850378f0b3f3b1e06826",
                "sha256:5554c929ccc317d41a5e3d1234f3be588248e61f08a74dd17c9eabb535777dc9",
                "sha256:56851a737e3470de7fa88e6131f41281ed440d29a9268dcbf0002da5ac366713",
                "sha256:5caf26f64126b6c7aec964f74266f435afef1c1b13da3b0636c7518a1fa3e2b1",
                "sha256:602b8615ebcc4a0c1751e71840428ddebeb142ec02c786e8ad6b1ce3c8dec523",
                "sha256:6253c72c6a1d990a410bc7de641d34053364ef8bcd3126f7e7450125887dffe3",
                "sha256:6435cb949cb34ec11cc9860246ccb2fdc9ecd742c12d3304989017d53f039a78",
                "sha256:6d21f6d74eb1725c2efaa71a2bfc661a0689579b58e9c0ca58a739ff0b002b53",
                "sha256:6d2cefc361461662ac48810cb14365a365ce864afe85ef1f447ff5a1e99ea81c",
                "sha256:74ecdf1d301e812db96a465a525952f4dde225fdb6d8e5a521d47e1f42041e21",
                "sha256:75ea25f9529fdec2d2e93a42c523962261e567d250b0013b16210e1d40d7c2e5",
                "sha256:854d00d556406bffe66a4c0802f334c9ad5a96b4f1f868adf036a21b11ef13ff",
                "sha256:8fe25fc7b623b0ef6b5009149627e34d2a4657e880948ec3c840e9402e5c1b45",
                "sha256:900f47d8f20860de523a1ac881c4c36d65efcb2eb850e6948140fa781736e110",
                "sha256:93c2d9ab0fc11822b5eece72ec9587e172f63cff87c00b062f6e37448ced4493",
                "sha256:a16dcec078a01eeef8ee61bf64074b4e524a2a3f4b3be9326420cabe59c4778b",
                "sha256:a21d830e78df0a515db2b3d2f5570610f5e6bd2e27749770e8bb7b524b89b450",
                "sha256:a45c765238e2ed7d7c608fc5bc4a6f88b642f2f01e70c0c23d2224dd21829d86",
                "sha256:a637c5cdfa04b6d6e2ecedcb81fc52ffb0fd78ce2ebccc9ea964df9f658de8c8",
                "sha256:a68e15f780eddf2b07d242e17a04aa187a7ee12b40b930bfdd78070556550e98",
                "sha256:b3d11d2fda7eb164ef27ffc14b4fcab16a80e1ce67e9f57e19ec0afaf715ba89",
                "sha256:b468d3dad6ff947df92dcb32ede5b7bd41a9b3cceef0a30ed925f6d01fb8fa66",
                "sha256:b98560e98cb334799c0b07ca7967ac361a47326e9b4e5a7dfb5ab2b1c9d35a1b",
                "sha256:bdcd9d1167f4885211e401b3036c0c8d9e274eee67ea8d0758a256d60704cfe8",
                "sha256:bf1f8a81d04ca90e32a0aceb819d34dbd378a98bf923b6398b9a3ec0bf44de29",
                "sha256:c46467899aaa4da076d5abc11084634e2d197e9460643dd455ac3db5856b24d6",
                "sha256:c4fc4c21971a1a9f4bdb4c73978c7f7256caa3e62b323f70d6cb80db583350bc",
                "sha256:c503ba5216814e295f40711470446bc3fd00f0faea8a086cbc688808e26f92a2",
                "sha256:d051c0e065b94b7a3cea50eb1ec32e912cd96dba41647eb24104b6c6c14c5788",
                "sha256:d3e28b3e83862ccf4d85ff19cf8c20b2ae7e503881711ff2d534dc8f761131aa",
                "sha256:db4301b2d1f926ae677a751eb2bd0e8c5f5319c9cb3f88b0becbbb0b07b34151",
                "sha256:dd7478f1463441ae4ca7308a70e90b33470fa593429f9d4c578dd00d1fa78838",
                "sha256:e05e1af93b977f7eafa636d043f9f94c7ee3ac81af99c13508215942e64c993b",
                "sha256:e19d192383eab2f4ceb30b412b22ea30690c9e618f78870357ae1d682912015a",
                "sha256:e32e7cc9af0f1cc15548288a51a3b681cc2a219faa838e995f7dc53dbab1062d",
                "sha256:ecaf1e12bdc03c86ad4a7ea848d66c685cb6851d807a26aa245ca3d2017a1908",
                "sha256:ee15f284898e7b246df8087fc82b87b01686f98ee67d85a17b7ab44143a3a9a0",
                "sha256:ee67acbbf05014ea6c763beb097e03cd629961c8a632075eeb34247120abcb4b",
                "sha256:f086f6fe114e19d92014a1966f43a3e62285109afe874f067f5abbdcbb10e59c",
                "sha256:f8bfc0e12dc78f777f323f55c58649591b2cd0c43534e8355c51d3fede5f4dee"
            ],
            "index": "pypi",
            "markers": "python_version >= '3.9'",
            "version": "==2.3.3"
        },
        "playwright": {
            "hashes": [
                "sha256:0ef7e6fd653267798a8a968ff7aa2dcac14398b7dd7440ef57524e01e0fbbd65",
                "sha256:2745490ae8dd58d27e5ea4d9aa28402e8e2991eb84fb4b2fd5fbde2106716f6f",
                "sha256:3c7fc49bb9e673489bf2622855f9486d41c5101bbed964638552b864c4591f94",
                "sha256:404be089b49d94bc4c1fe0dfb07664bda5ffe87789034a03bffb884489bdfb5c",
                "sha256:64cda7cf4e51c0d35dab55190841bfcdfb5871685ec22cb722cd0ad2df183e34",
                "sha256:b228b3395212b9472a4ee5f1afe40d376eef9568eb039fcb3e563de8f4f4657b",
                "sha256:b33eb89c516cbc6723f2e3523bada4a4eb0984a9c411325c02d7016a5d625e9c",
                "sha256:d87b79bcb082092d916a332c27ec9732e0418c319755d235d93cc6be13bdd721"
            ],
            "index": "pypi",
            "markers": "python_version >= '3.9'",
            "version": "==1.56.0"
        },
        "pyee": {
            "hashes": [
                "sha256:48195a3cddb3b1515ce0695ed76036b5ccc2ef3a9f963ff9f77aec0139845498",
                "sha256:b391e3c5a434d1f5118a25615001dbc8f669cf410ab67d04c4d4e07c55481c37"
            ],
            "markers": "python_version >= '3.8'",
            "version": "==13.0.0"
        },
        "python-dateutil": {
            "hashes": [
                "sha256:37dd54208da7e1cd875388217d5e00ebd4179249f90fb72437e91a35459a0ad3",
                "sha256:a8b2bc7bffae282281c8140a97d3aa9c14da0b136dfe83f850eea9a5f7470427"
            ],
            "markers": "python_version >= '2.7' and python_version not in '3.0, 3.1, 3.2'",
            "version": "==2.9.0.post0"
        },
        "pytz": {
            "hashes": [
                "sha256:360b9e3dbb49a209c21ad61809c7fb453643e048b38924c765813546746e81c3",
                "sha256:5ddf76296dd8c44c26eb8f4b6f35488f3ccbf6fbbd7adee0b7262d43f0ec2f00"
            ],
            "version": "==2025.2"
        },
        "pyyaml": {
            "hashes": [
                "sha256:00c4bdeba853cc34e7dd471f16b4114f4162dc03e6b7afcc2128711f0eca823c",
                "sha256:0150219816b6a1fa26fb4699fb7daa9caf09eb1999f3b70fb6e786805e80375a",
                "sha256:02893d100e99e03eda1c8fd5c441d8c60103fd175728e23e431db1b589cf5ab3",
                "sha256:02ea2dfa234451bbb8772601d7b8e426c2bfa197136796224e50e35a78777956",
                "sha256:0f29edc409a6392443abf94b9cf89ce99889a1dd5376d94316ae5145dfedd5d6",
                "sha256:10892704fc220243f5305762e276552a0395f7beb4dbf9b14ec8fd43b57f126c",
                "sha256:16249ee61e95f858e83976573de0f5b2893b3677ba71c9dd36b9cf8be9ac6d65",
                "sha256:1d37d57ad971609cf3c53ba6a7e365e40660e3be0e5175fa9f2365a379d6095a",
                "sha256:1ebe39cb5fc479422b83de611d14e2c0d3bb2a18bbcb01f229ab3cfbd8fee7a0",
                "sha256:214ed4befebe12df36bcc8bc2b64b396ca31be9304b8f59e25c11cf94a4c033b",
                "sha256:2283a07e2c21a2aa78d9c4442724ec1eb15f5e42a723b99cb3d822d48f5f7ad1",
                "sha256:22ba7cfcad58ef3ecddc7ed1db3409af68d023b7f940da23c6c2a1890976eda6",
                "sha256:27c0abcb4a5dac13684a37f76e701e054692a9b2d3064b70f5e4eb54810553d7",
                "sha256:28c8d926f98f432f88adc23edf2e6d4921ac26fb084b028c733d01868d19007e",
                "sha256:2e71d11abed7344e42a8849600193d15b6def118602c4c176f748e4583246007",
                "sha256:34d5fcd24b8445fadc33f9cf348c1047101756fd760b4dacb5c3e99755703310",
                "sha256:37503bfbfc9d2c40b344d06b2199cf0e96e97957ab1c1b546fd4f87e53e5d3e4",
                "sha256:3c5677e12444c15717b902a5798264fa7909e41153cdf9ef7ad571b704a63dd9",
                "sha256:3ff07ec89bae51176c0549bc4c63aa6202991da2d9a6129d7aef7f1407d3f295",
                "sha256:41715c910c881bc081f1e8872880d3c650acf13dfa8214bad49ed4cede7c34ea",
                "sha256:418cf3f2111bc80e0933b2cd8cd04f286338bb88bdc7bc8e6dd775ebde60b5e0",
                "sha256:44edc647873928551a01e7a563d7452ccdebee747728c1080d881d68af7b997e",
                "sha256:4a2e8cebe2ff6ab7d1050ecd59c25d4c8bd7e6f400f5f82b96557ac0abafd0ac",
                "sha256:4ad1906908f2f5ae4e5a8ddfce73c320c2a1429ec52eafd27138b7f1cbe341c9",
                "sha256:501a031947e3a9025ed4405a168e6ef5ae3126c59f90ce0cd6f2bfc477be31b7",
                "sha256:5190d403f121660ce8d1d2c1bb2ef1bd05b5f68533fc5c2ea899bd15f4399b35",
                "sha256:5498cd1645aa724a7c71c8f378eb29ebe23da2fc0d7a08071d89469bf1d2defb",
                "sha256:5cf4e27da7e3fbed4d6c3d8e797387aaad68102272f8f9752883bc32d61cb87b",
                "sha256:5e0b74767e5f8c593e8c9b5912019159ed0533c70051e9cce3e8b6aa699fcd69",
                "sha256:5ed875a24292240029e4483f9d4a4b8a1ae08843b9c54f43fcc11e404532a8a5",
                "sha256:5fcd34e47f6e0b794d17de1b4ff496c00986e1c83f7ab2fb8fcfe9616ff7477b",
                "sha256:5fdec68f91a0c6739b380c83b951e2c72ac0197ace422360e6d5a959d8d97b2c",
                "sha256:6344df0d5755a2c9a276d4473ae6b90647e216ab4757f8426893b5dd2ac3f369",
                "sha256:64386e5e707d03a7e172c0701abfb7e10f0fb753ee1d773128192742712a98fd",
                "sha256:652cb6edd41e718550aad172851962662ff2681490a8a711af6a4d288dd96824",
                "sha256:66291b10affd76d76f54fad28e22e51719ef9ba22b29e1d7d03d6777a9174198",
                "sha256:66e1674c3ef6f541c35191caae2d429b967b99e02040f5ba928632d9a7f0f065",
                "sha256:6adc77889b628398debc7b65c073bcb99c4a0237b248cacaf3fe8a557563ef6c",
                "sha256:79005a0d97d5ddabfeeea4cf676af11e647e41d81c9a7722a193022accdb6b7c",
                "sha256:7c6610def4f163542a622a73fb39f534f8c101d690126992300bf3207eab9764",
                "sha256:7f047e29dcae44602496db43be01ad42fc6f1cc0d8cd6c83d342306c32270196",
                "sha256:8098f252adfa6c80ab48096053f512f2321f0b998f98150cea9bd23d83e1467b",
                "sha256:850774a7879607d3a6f50d36d04f00ee69e7fc816450e5f7e58d7f17f1ae5c00",
                "sha256:8d1fab6bb153a416f9aeb4b8763bc0f22a5586065f86f7664fc23339fc1c1fac",
                "sha256:8da9669d359f02c0b91ccc01cac4a67f16afec0dac22c2ad09f46bee0697eba8",
                "sha256:8dc52c23056b9ddd46818a57b78404882310fb473d63f17b07d5c40421e47f8e",
                "sha256:9149cad251584d5fb4981be1ecde53a1ca46c891a79788c0df828d2f166bda28",
                "sha256:93dda82c9c22deb0a405ea4dc5f2d0cda384168e466364dec6255b293923b2f3",
                "sha256:96b533f0e99f6579b3d4d4995707cf36df9100d67e0c8303a0c55b27b5f99bc5",
                "sha256:9c57bb8c96f6d1808c030b1687b9b5fb476abaa47f0db9c0101f5e9f394e97f4",
                "sha256:9c7708761fccb9397fe64bbc0395abcae8c4bf7b0eac081e12b809bf47700d0b",
                "sha256:9f3bfb4965eb874431221a3ff3fdcddc7e74e3b07799e0e84ca4a0f867d449bf",
                "sha256:a33284e20b78bd4a18c8c2282d549d10bc8408a2a7ff57653c0cf0b9be0afce5",
                "sha256:a80cb027f6b349846a3bf6d73b5e95e782175e52f22108cfa17876aaeff93702",
                "sha256:b30236e45cf30d2b8e7b3e85881719e98507abed1011bf463a8fa23e9c3e98a8",
                "sha256:b3bc83488de33889877a0f2543ade9f70c67d66d9ebb4ac959502e12de895788",
                "sha256:b865addae83924361678b652338317d1bd7e79b1f4596f96b96c77a5a34b34da",
                "sha256:b8bb0864c5a28024fac8a632c443c87c5aa6f215c0b126c449ae1a150412f31d",
                "sha256:ba1cc08a7ccde2d2ec775841541641e4548226580ab850948cbfda66a1befcdc",
                "sha256:bdb2c67c6c1390b63c6ff89f210c8fd09d9a1217a465701eac7316313c915e4c",
                "sha256:c1ff362665ae507275af2853520967820d9124984e0f7466736aea23d8611fba",
                "sha256:c2514fceb77bc5e7a2f7adfaa1feb2fb311607c9cb518dbc378688ec73d8292f",
                "sha256:c3355370a2c156cffb25e876646f149d5d68f5e0a3ce86a5084dd0b64a994917",
                "sha256:c458b6d084f9b935061bc36216e8a69a7e293a2f1e68bf956dcd9e6cbcd143f5",
                "sha256:d0eae10f8159e8fdad514efdc92d74fd8d682c933a6dd088030f3834bc8e6b26",
                "sha256:d76623373421df22fb4cf8817020cbb7ef15c725b9d5e45f17e189bfc384190f",
                "sha256:ebc55a14a21cb14062aa4162f906cd962b28e2e9ea38f9b4391244cd8de4ae0b",
                "sha256:eda16858a3cab07b80edaf74336ece1f986ba330fdb8ee0d6c0d68fe82bc96be",
                "sha256:ee2922902c45ae8ccada2c5b501ab86c36525b883eff4255313a253a3160861c",
                "sha256:efd7b85f94a6f21e4932043973a7ba2613b059c4a000551892ac9f1d11f5baf3",
                "sha256:f7057c9a337546edc7973c0d3ba84ddcdf0daa14533c2065749c9075001090e6",
                "sha256:fa160448684b4e94d80416c0fa4aac48967a969efe22931448d853ada8baf926",
                "sha256:fc09d0aa354569bc501d4e787133afc08552722d3ab34836a80547331bb5d4a0"
            ],
            "markers": "python_version >= '3.8'",
            "version": "==6.0.3"
        },
        "referencing": {
            "hashes": [
                "sha256:381329a9f99628c9069361716891d34ad94af76e461dcb0335825aecc7692231",
                "sha256:44aefc3142c5b842538163acb373e24cce6632bd54bdb01b21ad5863489f50d8"
            ],
            "markers": "python_version >= '3.10'",
            "version": "==0.37.0"
        },
        "rpds-py": {
            "hashes": [
                "sha256:00e56b12d2199ca96068057e1ae7f9998ab6e99cda82431afafd32f3ec98cca9",
                "sha256:0248b19405422573621172ab8e3a1f29141362d13d9f72bafa2e28ea0cdca5a2",
                "sha256:05a2bd42768ea988294ca328206efbcc66e220d2d9b7836ee5712c07ad6340ea",
                "sha256:070befbb868f257d24c3bb350dbd6e2f645e83731f31264b19d7231dd5c396c7",
                "sha256:0a8896986efaa243ab713c69e6491a4138410f0fe36f2f4c71e18bd5501e8014",
                "sha256:0ea962671af5cb9a260489e311fa22b2e97103e3f9f0caaea6f81390af96a9ed",
                "sha256:115f48170fd4296a33938d8c11f697f5f26e0472e43d28f35624764173a60e4d",
                "sha256:12597d11d97b8f7e376c88929a6e17acb980e234547c92992f9f7c058f1a7310",
                "sha256:1585648d0760b88292eecab5181f5651111a69d90eff35d6b78aa32998886a61",
                "sha256:16e9da2bda9eb17ea318b4c335ec9ac1818e88922cbe03a5743ea0da9ecf74fb",
                "sha256:1a409b0310a566bfd1be82119891fefbdce615ccc8aa558aff7835c27988cbef",
                "sha256:1c3c3e8101bb06e337c88eb0c0ede3187131f19d97d43ea0e1c5407ea74c0cbf",
                "sha256:1d24564a700ef41480a984c5ebed62b74e6ce5860429b98b1fede76049e953e6",
                "sha256:1de2345af363d25696969befc0c1688a6cb5e8b1d32b515ef84fc245c6cddba3",
                "sha256:1ea59b23ea931d494459c8338056fe7d93458c0bf3ecc061cd03916505369d55",
                "sha256:2023473f444752f0f82a58dfcbee040d0a1b3d1b3c2ec40e884bd25db6d117d2",
                "sha256:20c51ae86a0bb9accc9ad4e6cdeec58d5ebb7f1b09dd4466331fc65e1766aae7",
                "sha256:24a16cb7163933906c62c272de20ea3c228e4542c8c45c1d7dc2b9913e17369a",
                "sha256:24a7231493e3c4a4b30138b50cca089a598e52c34cf60b2f35cebf62f274fdea",
                "sha256:2549d833abdf8275c901313b9e8ff8fba57e50f6a495035a2a4e30621a2f7cc4",
                "sha256:28de03cf48b8a9e6ec10318f2197b83946ed91e2891f651a109611be4106ac4b",
                "sha256:28fd300326dd21198f311534bdb6d7e989dd09b3418b3a91d54a0f384c700967",
                "sha256:295ce5ac7f0cf69a651ea75c8f76d02a31f98e5698e82a50a5f4d4982fbbae3b",
                "sha256:2a21deb8e0d1571508c6491ce5ea5e25669b1dd4adf1c9d64b6314842f708b5d",
                "sha256:2aba991e041d031c7939e1358f583ae405a7bf04804ca806b97a5c0e0af1ea5e",
                "sha256:2b8e54d6e61f3ecd3abe032065ce83ea63417a24f437e4a3d73d2f85ce7b7cfe",
                "sha256:2d6fb2ad1c36f91c4646989811e84b1ea5e0c3cf9690b826b6e32b7965853a63",
                "sha256:33ca7bdfedd83339ca55da3a5e1527ee5870d4b8369456b5777b197756f3ca22",
                "sha256:37d94eadf764d16b9a04307f2ab1d7af6dc28774bbe0535c9323101e14877b4c",
                "sha256:3897924d3f9a0361472d884051f9a2460358f9a45b1d85a39a158d2f8f1ad71c",
                "sha256:3919a3bbecee589300ed25000b6944174e07cd20db70552159207b3f4bbb45b8",
                "sha256:394d27e4453d3b4d82bb85665dc1fcf4b0badc30fc84282defed71643b50e1a1",
                "sha256:3fbd4e9aebf110473a420dea85a238b254cf8a15acb04b22a5a6b5ce8925b760",
                "sha256:3fd2164d73812026ce970d44c3ebd51e019d2a26a4425a5dcbdfa93a34abc383",
                "sha256:40f65470919dc189c833e86b2c4bd21bd355f98436a2cef9e0a9a92aebc8e57e",
                "sha256:4448dad428f28a6a767c3e3b80cde3446a22a0efbddaa2360f4bb4dc836d0688",
                "sha256:44a91e0ab77bdc0004b43261a4b8cd6d6b451e8d443754cfda830002b5745b32",
                "sha256:453783477aa4f2d9104c4b59b08c871431647cb7af51b549bbf2d9eb9c827756",
                "sha256:4a097b7f7f7274164566ae90a221fd725363c0e9d243e2e9ed43d195ccc5495c",
                "sha256:4aa195e5804d32c682e453b34474f411ca108e4291c6a0f824ebdc30a91c973c",
                "sha256:4ae4b88c6617e1b9e5038ab3fccd7bac0842fdda2b703117b2aa99bc85379113",
                "sha256:521807963971a23996ddaf764c682b3e46459b3c58ccd79fefbe16718db43154",
                "sha256:534dc9df211387547267ccdb42253aa30527482acb38dd9b21c5c115d66a96d2",
                "sha256:539eb77eb043afcc45314d1be09ea6d6cafb3addc73e0547c171c6d636957f60",
                "sha256:55d827b2ae95425d3be9bc9a5838b6c29d664924f98146557f7715e331d06df8",
                "sha256:56838e1cd9174dc23c5691ee29f1d1be9eab357f27efef6bded1328b23e1ced2",
                "sha256:5a572911cd053137bbff8e3a52d31c5d2dba51d3a67ad902629c70185f3f2181",
                "sha256:5c9546cfdd5d45e562cc0444b6dddc191e625c62e866bf567a2c69487c7ad28a",
                "sha256:5cc58aac218826d054c7da7f95821eba94125d88be673ff44267bb89d12a5866",
                "sha256:6410e66f02803600edb0b1889541f4b5cc298a5ccda0ad789cc50ef23b54813e",
                "sha256:66786c3fb1d8de416a7fa8e1cb1ec6ba0a745b2b0eee42f9b7daa26f1a495545",
                "sha256:6e97846e9800a5d0fe7be4d008f0c93d0feeb2700da7b1f7528dabafb31dfadb",
                "sha256:7033c1010b1f57bb44d8067e8c25aa6fa2e944dbf46ccc8c92b25043839c3fd2",
                "sha256:715b67eac317bf1c7657508170a3e011a1ea6ccb1c9d5f296e20ba14196be6b3",
                "sha256:72fdfd5ff8992e4636621826371e3ac5f3e3b8323e9d0e48378e9c13c3dac9d0",
                "sha256:76054d540061eda273274f3d13a21a4abdde90e13eaefdc205db37c05230efce",
                "sha256:76fe96632d53f3bf0ea31ede2f53bbe3540cc2736d4aec3b3801b0458499ef3a",
                "sha256:7971bdb7bf4ee0f7e6f67fa4c7fbc6019d9850cc977d126904392d363f6f8318",
                "sha256:799156ef1f3529ed82c36eb012b5d7a4cf4b6ef556dd7cc192148991d07206ae",
                "sha256:7cdc0490374e31cedefefaa1520d5fe38e82fde8748cbc926e7284574c714d6b",
                "sha256:7d9128ec9d8cecda6f044001fde4fb71ea7c24325336612ef8179091eb9596b9",
                "sha256:7f437026dbbc3f08c99cc41a5b2570c6e1a1ddbe48ab19a9b814254128d4ea7a",
                "sha256:80fdf53d36e6c72819993e35d1ebeeb8e8fc688d0c6c2b391b55e335b3afba5a",
                "sha256:8238d1d310283e87376c12f658b61e1ee23a14c0e54c7c0ce953efdbdc72deed",
                "sha256:89ca2e673ddd5bde9b386da9a0aac0cab0e76f40c8f0aaf0d6311b6bbf2aa311",
                "sha256:8ae33ad9ce580c7a47452c3b3f7d8a9095ef6208e0a0c7e4e2384f9fc5bf8212",
                "sha256:8c5a8ecaa44ce2d8d9d20a68a2483a74c07f05d72e94a4dff88906c8807e77b0",
                "sha256:8e5bb73ffc029820f4348e9b66b3027493ae00bca6629129cd433fd7a76308ee",
                "sha256:90f30d15f45048448b8da21c41703b31c61119c06c216a1bf8c245812a0f0c17",
                "sha256:923248a56dd8d158389a28934f6f69ebf89f218ef96a6b216a9be6861804d3f4",
                "sha256:9459a33f077130dbb2c7c3cea72ee9932271fb3126404ba2a2661e4fe9eb7b79",
                "sha256:97c817863ffc397f1e6a6e9d2d89fe5408c0a9922dac0329672fb0f35c867ea5",
                "sha256:9b9c764a11fd637e0322a488560533112837f5334ffeb48b1be20f6d98a7b437",
                "sha256:9ba8028597e824854f0f1733d8b964e914ae3003b22a10c2c664cb6927e0feb9",
                "sha256:9efe71687d6427737a0a2de9ca1c0a216510e6cd08925c44162be23ed7bed2d5",
                "sha256:9f84c549746a5be3bc7415830747a3a0312573afc9f95785eb35228bb17742ec",
                "sha256:a0891cfd8db43e085c0ab93ab7e9b0c8fee84780d436d3b266b113e51e79f954",
                "sha256:a110e14508fd26fd2e472bb541f37c209409876ba601cf57e739e87d8a53cf95",
                "sha256:a5d9da3ff5af1ca1249b1adb8ef0573b94c76e6ae880ba1852f033bf429d4588",
                "sha256:a738f2da2f565989401bd6fd0b15990a4d1523c6d7fe83f300b7e7d17212feca",
                "sha256:acd82a9e39082dc5f4492d15a6b6c8599aa21db5c35aaf7d6889aea16502c07d",
                "sha256:ad7bd570be92695d89285a4b373006930715b78d96449f686af422debb4d3949",
                "sha256:b016eddf00dca7944721bf0cd85b6af7f6c4efaf83ee0b37c4133bd39757a8c7",
                "sha256:b1581fcde18fcdf42ea2403a16a6b646f8eb1e58d7f90a0ce693da441f76942e",
                "sha256:b58f5c77f1af888b5fd1876c9a0d9858f6f88a39c9dd7c073a88e57e577da66d",
                "sha256:b5f6134faf54b3cb83375db0f113506f8b7770785be1f95a631e7e2892101977",
                "sha256:b9cf2359a4fca87cfb6801fae83a76aedf66ee1254a7a151f1341632acf67f1b",
                "sha256:ba5e1aeaf8dd6d8f6caba1f5539cddda87d511331714b7b5fc908b6cfc3636b7",
                "sha256:bb78b3a0d31ac1bde132c67015a809948db751cb4e92cdb3f0b242e430b6ed0d",
                "sha256:bdb67151ea81fcf02d8f494703fb728d4d34d24556cbff5f417d74f6f5792e7c",
                "sha256:c07d107b7316088f1ac0177a7661ca0c6670d443f6fe72e836069025e6266761",
                "sha256:c4695dd224212f6105db7ea62197144230b808d6b2bba52238906a2762f1d1e7",
                "sha256:c5523b0009e7c3c1263471b69d8da1c7d41b3ecb4cb62ef72be206b92040a950",
                "sha256:c661132ab2fb4eeede2ef69670fd60da5235209874d001a98f1542f31f2a8a94",
                "sha256:d37812c3da8e06f2bb35b3cf10e4a7b68e776a706c13058997238762b4e07f4f",
                "sha256:d456e64724a075441e4ed648d7f154dc62e9aabff29bcdf723d0c00e9e1d352f",
                "sha256:d472cf73efe5726a067dce63eebe8215b14beabea7c12606fd9994267b3cfe2b",
                "sha256:d583d4403bcbf10cffc3ab5cee23d7643fcc960dff85973fd3c2d6c86e8dbb0c",
                "sha256:de73e40ebc04dd5d9556f50180395322193a78ec247e637e741c1b954810f295",
                "sha256:def48ff59f181130f1a2cb7c517d16328efac3ec03951cca40c1dc2049747e83",
                "sha256:e6596b93c010d386ae46c9fba9bfc9fc5965fa8228edeac51576299182c2e31c",
                "sha256:e71136fd0612556b35c575dc2726ae04a1669e6a6c378f2240312cf5d1a2ab10",
                "sha256:e7fa2ccc312bbd91e43aa5e0869e46bc03278a3dddb8d58833150a18b0f0283a",
                "sha256:ea7173df5d86f625f8dde6d5929629ad811ed8decda3b60ae603903839ac9ac0",
                "sha256:f3b1b87a237cb2dba4db18bcfaaa44ba4cd5936b91121b62292ff21df577fc43",
                "sha256:f475f103488312e9bd4000bc890a95955a07b2d0b6e8884aef4be56132adbbf1",
                "sha256:f49196aec7c4b406495f60e6f947ad71f317a765f956d74bbd83996b9edc0352",
                "sha256:f49d41559cebd608042fdcf54ba597a4a7555b49ad5c1c0c03e0af82692661cd",
                "sha256:f7728653900035fb7b8d06e1e5900545d8088efc9d5d4545782da7df03ec803f",
                "sha256:f9f436aee28d13b9ad2c764fc273e0457e37c2e61529a07b928346b219fcde3b",
                "sha256:fc31a07ed352e5462d3ee1b22e89285f4ce97d5266f6d1169da1142e78045626",
                "sha256:fc935f6b20b0c9f919a8ff024739174522abd331978f750a74bb68abd117bd19",
                "sha256:fcae1770b401167f8b9e1e3f566562e6966ffa9ce63639916248a9e25fa8a244",
                "sha256:fd7951c964069039acc9d67a8ff1f0a7f34845ae180ca542b17dc1456b1f1808",
                "sha256:fe55fe686908f50154d1dc599232016e50c243b438c3b7432f24e2895b0e5359"
            ],
            "markers": "python_version >= '3.10'",
            "version": "==0.29.0"
        },
        "six": {
            "hashes": [
                "sha256:4721f391ed90541fddacab5acf947aa0d3dc7d27b2e1e8eda2be8970586c3274",
                "sha256:ff70335d468e7eb6ec65b95b99d3a2836546063f63acc5171de367e834932a81"
            ],
            "markers": "python_version >= '2.7' and python_version not in '3.0, 3.1, 3.2'",
            "version": "==1.17.0"
        },
        "sqlparse": {
            "hashes": [
                "sha256:09f67787f56a0b16ecdbde1bfc7f5d9c3371ca683cfeaa8e6ff60b4807ec9272",
                "sha256:cf2196ed3418f3ba5de6af7e82c694a9fbdbfecccdfc72e281548517081f16ca"
            ],
            "markers": "python_version >= '3.8'",
            "version": "==0.5.3"
        },
        "typing-extensions": {
            "hashes": [
                "sha256:0cea48d173cc12fa28ecabc3b837ea3cf6f38c6d1136f85cbaaf598984861466",
                "sha256:f0fa19c6845758ab08074a0cfa8b7aecb71c999ca73d62883bc25cc018c4e548"
            ],
            "markers": "python_version >= '3.9'",
            "version": "==4.15.0"
        },
        "tzdata": {
            "hashes": [
                "sha256:1a403fada01ff9221ca8044d701868fa132215d84beb92242d9acd2147f667a8",
                "sha256:b60a638fcc0daffadf82fe0f57e53d06bdec2f36c4df66280ae79bce6bd6f2b9"
            ],
            "markers": "python_version >= '2'",
            "version": "==2025.2"
        },
        "uritemplate": {
            "hashes": [
                "sha256:480c2ed180878955863323eea31b0ede668795de182617fef9c6ca09e6ec9d0e",
                "sha256:962201ba1c4edcab02e60f9a0d3821e82dfc5d2d6662a21abd533879bdb8a686"
            ],
            "markers": "python_version >= '3.9'",
            "version": "==4.2.0"
        }
    },
    "develop": {}
}
